
Microsoft Visual Studio Solution File, Format Version 12.00
# Visual Studio Version 16
VisualStudioVersion = 16.0.28922.388
MinimumVisualStudioVersion = 10.0.40219.1
Project("{FAE04EC0-301F-11D3-BF4B-00C04F79EFBC}") = "ImageTest1", "ImageTest1\ImageTest1.csproj", "{0B4DF473-A771-4E20-807D-5D6A2C8F61F8}"
EndProject
Global
	GlobalSection(SolutionConfigurationPlatforms) = preSolution
		Debug|Any CPU = Debug|Any CPU
		Debug|x64 = Debug|x64
		Release|Any CPU = Release|Any CPU
		Release|x64 = Release|x64
	EndGlobalSection
	GlobalSection(ProjectConfigurationPlatforms) = postSolution
		{0B4DF473-A771-4E20-807D-5D6A2C8F61F8}.Debug|Any CPU.ActiveCfg = Debug|Any CPU
		{0B4DF473-A771-4E20-807D-5D6A2C8F61F8}.Debug|Any CPU.Build.0 = Debug|Any CPU
		{0B4DF473-A771-4E20-807D-5D6A2C8F61F8}.Debug|x64.ActiveCfg = Debug|x64
		{0B4DF473-A771-4E20-807D-5D6A2C8F61F8}.Debug|x64.Build.0 = Debug|x64
		{0B4DF473-A771-4E20-807D-5D6A2C8F61F8}.Release|Any CPU.ActiveCfg = Release|Any CPU
		{0B4DF473-A771-4E20-807D-5D6A2C8F61F8}.Release|Any CPU.Build.0 = Release|Any CPU
		{0B4DF473-A771-4E20-807D-5D6A2C8F61F8}.Release|x64.ActiveCfg = Release|x64
		{0B4DF473-A771-4E20-807D-5D6A2C8F61F8}.Release|x64.Build.0 = Release|x64
	EndGlobalSection
	GlobalSection(SolutionProperties) = preSolution
		HideSolutionNode = FALSE
	EndGlobalSection
	GlobalSection(ExtensibilityGlobals) = postSolution
		SolutionGuid = {23D34C28-B6B9-41B4-8A0C-2ADAA2B52401}
	EndGlobalSection
EndGlobal
